
Microsoft Visual Studio Solution File, Format Version 12.00
# Visual Studio 15
VisualStudioVersion = 15.0.27130.2003
MinimumVisualStudioVersion = 10.0.40219.1
Project("{FAE04EC0-301F-11D3-BF4B-00C04F79EFBC}") = "AdvocaciaXPTO", "AdvocaciaXPTO\AdvocaciaXPTO.csproj", "{2277CFF5-FA43-41B4-ABF3-B92E71EB2902}"
EndProject
Project("{FAE04EC0-301F-11D3-BF4B-00C04F79EFBC}") = "AdvocaciaXPTO.Tests", "AdvocaciaXPTO.Tests\AdvocaciaXPTO.Tests.csproj", "{5F5BA15C-8A12-4676-ABE6-B1D3117D7CF9}"
EndProject
Global
	GlobalSection(SolutionConfigurationPlatforms) = preSolution
		Debug|Any CPU = Debug|Any CPU
		Release|Any CPU = Release|Any CPU
	EndGlobalSection
	GlobalSection(ProjectConfigurationPlatforms) = postSolution
		{2277CFF5-FA43-41B4-ABF3-B92E71EB2902}.Debug|Any CPU.ActiveCfg = Debug|Any CPU
		{2277CFF5-FA43-41B4-ABF3-B92E71EB2902}.Debug|Any CPU.Build.0 = Debug|Any CPU
		{2277CFF5-FA43-41B4-ABF3-B92E71EB2902}.Release|Any CPU.ActiveCfg = Release|Any CPU
		{2277CFF5-FA43-41B4-ABF3-B92E71EB2902}.Release|Any CPU.Build.0 = Release|Any CPU
		{5F5BA15C-8A12-4676-ABE6-B1D3117D7CF9}.Debug|Any CPU.ActiveCfg = Debug|Any CPU
		{5F5BA15C-8A12-4676-ABE6-B1D3117D7CF9}.Debug|Any CPU.Build.0 = Debug|Any CPU
		{5F5BA15C-8A12-4676-ABE6-B1D3117D7CF9}.Release|Any CPU.ActiveCfg = Release|Any CPU
		{5F5BA15C-8A12-4676-ABE6-B1D3117D7CF9}.Release|Any CPU.Build.0 = Release|Any CPU
	EndGlobalSection
	GlobalSection(SolutionProperties) = preSolution
		HideSolutionNode = FALSE
	EndGlobalSection
	GlobalSection(ExtensibilityGlobals) = postSolution
		SolutionGuid = {362B5EEB-A526-4297-9B17-43A6355904BF}
	EndGlobalSection
EndGlobal
